
Microsoft Visual Studio Solution File, Format Version 12.00
# Visual Studio Version 17
VisualStudioVersion = 17.0.31903.59
MinimumVisualStudioVersion = 10.0.40219.1
Project("{2150E333-8FDC-42A3-9474-1A3956D46DE8}") = "src", "src", "{827E0CD3-B72D-47B6-A68D-7590B98EB39B}"
EndProject
Project("{FAE04EC0-301F-11D3-BF4B-00C04F79EFBC}") = "CodexU.App", "src\CodexU.App\CodexU.App.csproj", "{F89D40B9-0A48-428C-87B1-1CF46A070D72}"
EndProject
Project("{FAE04EC0-301F-11D3-BF4B-00C04F79EFBC}") = "CodexU.Core", "src\CodexU.Core\CodexU.Core.csproj", "{B04A541E-6ABD-421E-AC3D-4D9CB8229B99}"
EndProject
Project("{FAE04EC0-301F-11D3-BF4B-00C04F79EFBC}") = "CodexU.Contracts", "src\CodexU.Contracts\CodexU.Contracts.csproj", "{3FCCE0E9-C900-4BAA-BC7E-57814DDCFBB8}"
EndProject
Project("{FAE04EC0-301F-11D3-BF4B-00C04F79EFBC}") = "CodexU.Infrastructure", "src\CodexU.Infrastructure\CodexU.Infrastructure.csproj", "{01E8A19C-2763-45C3-B691-78A602970E55}"
EndProject
Project("{2150E333-8FDC-42A3-9474-1A3956D46DE8}") = "tests", "tests", "{0AB3BF05-4346-4AA6-1389-037BE0695223}"
EndProject
Project("{FAE04EC0-301F-11D3-BF4B-00C04F79EFBC}") = "CodexU.Core.Tests", "tests\CodexU.Core.Tests\CodexU.Core.Tests.csproj", "{E88A9392-622E-473A-ACBF-B867EFA6F730}"
EndProject
Project("{FAE04EC0-301F-11D3-BF4B-00C04F79EFBC}") = "CodexU.Infrastructure.Tests", "tests\CodexU.Infrastructure.Tests\CodexU.Infrastructure.Tests.csproj", "{8866E3A1-2E89-4FDD-8712-5D006BAC28CE}"
EndProject
Project("{FAE04EC0-301F-11D3-BF4B-00C04F79EFBC}") = "CodexU.Contracts.Tests", "tests\CodexU.Contracts.Tests\CodexU.Contracts.Tests.csproj", "{3B932A78-B802-471E-A9C2-3A26E3CFD026}"
EndProject
Global
	GlobalSection(SolutionConfigurationPlatforms) = preSolution
		Debug|Any CPU = Debug|Any CPU
		Debug|x64 = Debug|x64
		Debug|x86 = Debug|x86
		Release|Any CPU = Release|Any CPU
		Release|x64 = Release|x64
		Release|x86 = Release|x86
	EndGlobalSection
	GlobalSection(ProjectConfigurationPlatforms) = postSolution
		{F89D40B9-0A48-428C-87B1-1CF46A070D72}.Debug|Any CPU.ActiveCfg = Debug|Any CPU
		{F89D40B9-0A48-428C-87B1-1CF46A070D72}.Debug|Any CPU.Build.0 = Debug|Any CPU
		{F89D40B9-0A48-428C-87B1-1CF46A070D72}.Debug|x64.ActiveCfg = Debug|Any CPU
		{F89D40B9-0A48-428C-87B1-1CF46A070D72}.Debug|x64.Build.0 = Debug|Any CPU
		{F89D40B9-0A48-428C-87B1-1CF46A070D72}.Debug|x86.ActiveCfg = Debug|Any CPU
		{F89D40B9-0A48-428C-87B1-1CF46A070D72}.Debug|x86.Build.0 = Debug|Any CPU
		{F89D40B9-0A48-428C-87B1-1CF46A070D72}.Release|Any CPU.ActiveCfg = Release|Any CPU
		{F89D40B9-0A48-428C-87B1-1CF46A070D72}.Release|Any CPU.Build.0 = Release|Any CPU
		{F89D40B9-0A48-428C-87B1-1CF46A070D72}.Release|x64.ActiveCfg = Release|Any CPU
		{F89D40B9-0A48-428C-87B1-1CF46A070D72}.Release|x64.Build.0 = Release|Any CPU
		{F89D40B9-0A48-428C-87B1-1CF46A070D72}.Release|x86.ActiveCfg = Release|Any CPU
		{F89D40B9-0A48-428C-87B1-1CF46A070D72}.Release|x86.Build.0 = Release|Any CPU
		{B04A541E-6ABD-421E-AC3D-4D9CB8229B99}.Debug|Any CPU.ActiveCfg = Debug|Any CPU
		{B04A541E-6ABD-421E-AC3D-4D9CB8229B99}.Debug|Any CPU.Build.0 = Debug|Any CPU
		{B04A541E-6ABD-421E-AC3D-4D9CB8229B99}.Debug|x64.ActiveCfg = Debug|Any CPU
		{B04A541E-6ABD-421E-AC3D-4D9CB8229B99}.Debug|x64.Build.0 = Debug|Any CPU
		{B04A541E-6ABD-421E-AC3D-4D9CB8229B99}.Debug|x86.ActiveCfg = Debug|Any CPU
		{B04A541E-6ABD-421E-AC3D-4D9CB8229B99}.Debug|x86.Build.0 = Debug|Any CPU
		{B04A541E-6ABD-421E-AC3D-4D9CB8229B99}.Release|Any CPU.ActiveCfg = Release|Any CPU
		{B04A541E-6ABD-421E-AC3D-4D9CB8229B99}.Release|Any CPU.Build.0 = Release|Any CPU
		{B04A541E-6ABD-421E-AC3D-4D9CB8229B99}.Release|x64.ActiveCfg = Release|Any CPU
		{B04A541E-6ABD-421E-AC3D-4D9CB8229B99}.Release|x64.Build.0 = Release|Any CPU
		{B04A541E-6ABD-421E-AC3D-4D9CB8229B99}.Release|x86.ActiveCfg = Release|Any CPU
		{B04A541E-6ABD-421E-AC3D-4D9CB8229B99}.Release|x86.Build.0 = Release|Any CPU
		{3FCCE0E9-C900-4BAA-BC7E-57814DDCFBB8}.Debug|Any CPU.ActiveCfg = Debug|Any CPU
		{3FCCE0E9-C900-4BAA-BC7E-57814DDCFBB8}.Debug|Any CPU.Build.0 = Debug|Any CPU
		{3FCCE0E9-C900-4BAA-BC7E-57814DDCFBB8}.Debug|x64.ActiveCfg = Debug|Any CPU
		{3FCCE0E9-C900-4BAA-BC7E-57814DDCFBB8}.Debug|x64.Build.0 = Debug|Any CPU
		{3FCCE0E9-C900-4BAA-BC7E-57814DDCFBB8}.Debug|x86.ActiveCfg = Debug|Any CPU
		{3FCCE0E9-C900-4BAA-BC7E-57814DDCFBB8}.Debug|x86.Build.0 = Debug|Any CPU
		{3FCCE0E9-C900-4BAA-BC7E-57814DDCFBB8}.Release|Any CPU.ActiveCfg = Release|Any CPU
		{3FCCE0E9-C900-4BAA-BC7E-57814DDCFBB8}.Release|Any CPU.Build.0 = Release|Any CPU
		{3FCCE0E9-C900-4BAA-BC7E-57814DDCFBB8}.Release|x64.ActiveCfg = Release|Any CPU
		{3FCCE0E9-C900-4BAA-BC7E-57814DDCFBB8}.Release|x64.Build.0 = Release|Any CPU
		{3FCCE0E9-C900-4BAA-BC7E-57814DDCFBB8}.Release|x86.ActiveCfg = Release|Any CPU
		{3FCCE0E9-C900-4BAA-BC7E-57814DDCFBB8}.Release|x86.Build.0 = Release|Any CPU
		{01E8A19C-2763-45C3-B691-78A602970E55}.Debug|Any CPU.ActiveCfg = Debug|Any CPU
		{01E8A19C-2763-45C3-B691-78A602970E55}.Debug|Any CPU.Build.0 = Debug|Any CPU
		{01E8A19C-2763-45C3-B691-78A602970E55}.Debug|x64.ActiveCfg = Debug|Any CPU
		{01E8A19C-2763-45C3-B691-78A602970E55}.Debug|x64.Build.0 = Debug|Any CPU
		{01E8A19C-2763-45C3-B691-78A602970E55}.Debug|x86.ActiveCfg = Debug|Any CPU
		{01E8A19C-2763-45C3-B691-78A602970E55}.Debug|x86.Build.0 = Debug|Any CPU
		{01E8A19C-2763-45C3-B691-78A602970E55}.Release|Any CPU.ActiveCfg = Release|Any CPU
		{01E8A19C-2763-45C3-B691-78A602970E55}.Release|Any CPU.Build.0 = Release|Any CPU
		{01E8A19C-2763-45C3-B691-78A602970E55}.Release|x64.ActiveCfg = Release|Any CPU
		{01E8A19C-2763-45C3-B691-78A602970E55}.Release|x64.Build.0 = Release|Any CPU
		{01E8A19C-2763-45C3-B691-78A602970E55}.Release|x86.ActiveCfg = Release|Any CPU
		{01E8A19C-2763-45C3-B691-78A602970E55}.Release|x86.Build.0 = Release|Any CPU
		{E88A9392-622E-473A-ACBF-B867EFA6F730}.Debug|Any CPU.ActiveCfg = Debug|Any CPU
		{E88A9392-622E-473A-ACBF-B867EFA6F730}.Debug|Any CPU.Build.0 = Debug|Any CPU
		{E88A9392-622E-473A-ACBF-B867EFA6F730}.Debug|x64.ActiveCfg = Debug|Any CPU
		{E88A9392-622E-473A-ACBF-B867EFA6F730}.Debug|x64.Build.0 = Debug|Any CPU
		{E88A9392-622E-473A-ACBF-B867EFA6F730}.Debug|x86.ActiveCfg = Debug|Any CPU
		{E88A9392-622E-473A-ACBF-B867EFA6F730}.Debug|x86.Build.0 = Debug|Any CPU
		{E88A9392-622E-473A-ACBF-B867EFA6F730}.Release|Any CPU.ActiveCfg = Release|Any CPU
		{E88A9392-622E-473A-ACBF-B867EFA6F730}.Release|Any CPU.Build.0 = Release|Any CPU
		{E88A9392-622E-473A-ACBF-B867EFA6F730}.Release|x64.ActiveCfg = Release|Any CPU
		{E88A9392-622E-473A-ACBF-B867EFA6F730}.Release|x64.Build.0 = Release|Any CPU
		{E88A9392-622E-473A-ACBF-B867EFA6F730}.Release|x86.ActiveCfg = Release|Any CPU
		{E88A9392-622E-473A-ACBF-B867EFA6F730}.Release|x86.Build.0 = Release|Any CPU
		{8866E3A1-2E89-4FDD-8712-5D006BAC28CE}.Debug|Any CPU.ActiveCfg = Debug|Any CPU
		{8866E3A1-2E89-4FDD-8712-5D006BAC28CE}.Debug|Any CPU.Build.0 = Debug|Any CPU
		{8866E3A1-2E89-4FDD-8712-5D006BAC28CE}.Debug|x64.ActiveCfg = Debug|Any CPU
		{8866E3A1-2E89-4FDD-8712-5D006BAC28CE}.Debug|x64.Build.0 = Debug|Any CPU
		{8866E3A1-2E89-4FDD-8712-5D006BAC28CE}.Debug|x86.ActiveCfg = Debug|Any CPU
		{8866E3A1-2E89-4FDD-8712-5D006BAC28CE}.Debug|x86.Build.0 = Debug|Any CPU
		{8866E3A1-2E89-4FDD-8712-5D006BAC28CE}.Release|Any CPU.ActiveCfg = Release|Any CPU
		{8866E3A1-2E89-4FDD-8712-5D006BAC28CE}.Release|Any CPU.Build.0 = Release|Any CPU
		{8866E3A1-2E89-4FDD-8712-5D006BAC28CE}.Release|x64.ActiveCfg = Release|Any CPU
		{8866E3A1-2E89-4FDD-8712-5D006BAC28CE}.Release|x64.Build.0 = Release|Any CPU
		{8866E3A1-2E89-4FDD-8712-5D006BAC28CE}.Release|x86.ActiveCfg = Release|Any CPU
		{8866E3A1-2E89-4FDD-8712-5D006BAC28CE}.Release|x86.Build.0 = Release|Any CPU
		{3B932A78-B802-471E-A9C2-3A26E3CFD026}.Debug|Any CPU.ActiveCfg = Debug|Any CPU
		{3B932A78-B802-471E-A9C2-3A26E3CFD026}.Debug|Any CPU.Build.0 = Debug|Any CPU
		{3B932A78-B802-471E-A9C2-3A26E3CFD026}.Debug|x64.ActiveCfg = Debug|Any CPU
		{3B932A78-B802-471E-A9C2-3A26E3CFD026}.Debug|x64.Build.0 = Debug|Any CPU
		{3B932A78-B802-471E-A9C2-3A26E3CFD026}.Debug|x86.ActiveCfg = Debug|Any CPU
		{3B932A78-B802-471E-A9C2-3A26E3CFD026}.Debug|x86.Build.0 = Debug|Any CPU
		{3B932A78-B802-471E-A9C2-3A26E3CFD026}.Release|Any CPU.ActiveCfg = Release|Any CPU
		{3B932A78-B802-471E-A9C2-3A26E3CFD026}.Release|Any CPU.Build.0 = Release|Any CPU
		{3B932A78-B802-471E-A9C2-3A26E3CFD026}.Release|x64.ActiveCfg = Release|Any CPU
		{3B932A78-B802-471E-A9C2-3A26E3CFD026}.Release|x64.Build.0 = Release|Any CPU
		{3B932A78-B802-471E-A9C2-3A26E3CFD026}.Release|x86.ActiveCfg = Release|Any CPU
		{3B932A78-B802-471E-A9C2-3A26E3CFD026}.Release|x86.Build.0 = Release|Any CPU
	EndGlobalSection
	GlobalSection(SolutionProperties) = preSolution
		HideSolutionNode = FALSE
	EndGlobalSection
	GlobalSection(NestedProjects) = preSolution
		{F89D40B9-0A48-428C-87B1-1CF46A070D72} = {827E0CD3-B72D-47B6-A68D-7590B98EB39B}
		{B04A541E-6ABD-421E-AC3D-4D9CB8229B99} = {827E0CD3-B72D-47B6-A68D-7590B98EB39B}
		{3FCCE0E9-C900-4BAA-BC7E-57814DDCFBB8} = {827E0CD3-B72D-47B6-A68D-7590B98EB39B}
		{01E8A19C-2763-45C3-B691-78A602970E55} = {827E0CD3-B72D-47B6-A68D-7590B98EB39B}
		{E88A9392-622E-473A-ACBF-B867EFA6F730} = {0AB3BF05-4346-4AA6-1389-037BE0695223}
		{8866E3A1-2E89-4FDD-8712-5D006BAC28CE} = {0AB3BF05-4346-4AA6-1389-037BE0695223}
		{3B932A78-B802-471E-A9C2-3A26E3CFD026} = {0AB3BF05-4346-4AA6-1389-037BE0695223}
	EndGlobalSection
EndGlobal
